
Microsoft Visual Studio Solution File, Format Version 12.00
# Visual Studio Version 17
VisualStudioVersion = 17.0.31423.177
MinimumVisualStudioVersion = 10.0.40219.1
Project("{FAE04EC0-301F-11D3-BF4B-00C04F79EFBC}") = "WebApplication1", "WebApplication1.csproj", "{8B0EB1CE-F096-4A11-9756-FBBBD0100A45}"
EndProject
Global
	GlobalSection(SolutionConfigurationPlatforms) = preSolution
		Debug|Any CPU = Debug|Any CPU
		Release|Any CPU = Release|Any CPU
	EndGlobalSection
	GlobalSection(ProjectConfigurationPlatforms) = postSolution
		{8B0EB1CE-F096-4A11-9756-FBBBD0100A45}.Debug|Any CPU.ActiveCfg = Debug|Any CPU
		{8B0EB1CE-F096-4A11-9756-FBBBD0100A45}.Debug|Any CPU.Build.0 = Debug|Any CPU
		{8B0EB1CE-F096-4A11-9756-FBBBD0100A45}.Release|Any CPU.ActiveCfg = Release|Any CPU
		{8B0EB1CE-F096-4A11-9756-FBBBD0100A45}.Release|Any CPU.Build.0 = Release|Any CPU
	EndGlobalSection
	GlobalSection(SolutionProperties) = preSolution
		HideSolutionNode = FALSE
	EndGlobalSection
	GlobalSection(ExtensibilityGlobals) = postSolution
		SolutionGuid = {B9E0303B-8517-46D8-800E-FCEDEF886AE5}
	EndGlobalSection
EndGlobal
